github.com/graphql-go/graphql v0.7.8 h1:769CR/2JNAhLG9+aa8pfLkKdR0H+r5lsQqling5WwpU=
github.com/graphql-go/graphql v0.7.8/go.mod h1:k6yrAYQaSP59DC5UVxbgxESlmVyojThKdORUqGDGmrI=
github.com/jacob-ebey/graphql-core v0.0.0-20191125000559-e770080c26be h1:RQGSs4DCqDI1o4bpqaWsfJVfbfjTkN2QYg1xvPU35c4=
github.com/jacob-ebey/graphql-core v0.0.0-20191125000559-e770080c26be/go.mod h1:fXRIq/PcvhVCtZBxlEEw3muCM4KCCXvfTQ2/ckyMJ2c=
